// !$*UTF8*$!
{
	archiveVersion = 1;
	classes = {
	};
	objectVersion = 51;
	objects = {

/* Begin PBXBuildFile section */
		2306854B259C972000A94891 /* SignUpVC.swift in Sources */ = {isa = PBXBuildFile; fileRef = 2306854A259C972000A94891 /* SignUpVC.swift */; };
		2306854F259C974700A94891 /* OnBoardingSignUpVC.swift in Sources */ = {isa = PBXBuildFile; fileRef = 2306854E259C974700A94891 /* OnBoardingSignUpVC.swift */; };
		235EA7FE259AFF4F00DD5EC8 /* AppDelegate.swift in Sources */ = {isa = PBXBuildFile; fileRef = 235EA7FD259AFF4F00DD5EC8 /* AppDelegate.swift */; };
		235EA800259AFF4F00DD5EC8 /* SceneDelegate.swift in Sources */ = {isa = PBXBuildFile; fileRef = 235EA7FF259AFF4F00DD5EC8 /* SceneDelegate.swift */; };
		235EA802259AFF4F00DD5EC8 /* SignInVC.swift in Sources */ = {isa = PBXBuildFile; fileRef = 235EA801259AFF4F00DD5EC8 /* SignInVC.swift */; };
		235EA805259AFF4F00DD5EC8 /* Main.storyboard in Resources */ = {isa = PBXBuildFile; fileRef = 235EA803259AFF4F00DD5EC8 /* Main.storyboard */; };
		235EA807259AFF5200DD5EC8 /* Assets.xcassets in Resources */ = {isa = PBXBuildFile; fileRef = 235EA806259AFF5200DD5EC8 /* Assets.xcassets */; };
		235EA80A259AFF5200DD5EC8 /* LaunchScreen.storyboard in Resources */ = {isa = PBXBuildFile; fileRef = 235EA808259AFF5200DD5EC8 /* LaunchScreen.storyboard */; };
		235EA813259B3FE300DD5EC8 /* GoogleService-Info.plist in Resources */ = {isa = PBXBuildFile; fileRef = 235EA812259B3FE300DD5EC8 /* GoogleService-Info.plist */; };
		23A2492D259CCF3C00CB6792 /* RoundedRectButton.swift in Sources */ = {isa = PBXBuildFile; fileRef = 23A2492C259CCF3C00CB6792 /* RoundedRectButton.swift */; };
		23A24931259CD1F300CB6792 /* HomeVC.swift in Sources */ = {isa = PBXBuildFile; fileRef = 23A24930259CD1F300CB6792 /* HomeVC.swift */; };
		23A24934259CF2B500CB6792 /* HomeCollectionView.swift in Sources */ = {isa = PBXBuildFile; fileRef = 23A24933259CF2B500CB6792 /* HomeCollectionView.swift */; };
		2CAF9727AE904FCBB37EF6C5 /* Pods_Zmaka.framework in Frameworks */ = {isa = PBXBuildFile; fileRef = B78EE38879DD3BDEE45596DA /* Pods_Zmaka.framework */; };
/* End PBXBuildFile section */

/* Begin PBXFileReference section */
		2306854A259C972000A94891 /* SignUpVC.swift */ = {isa = PBXFileReference; lastKnownFileType = sourcecode.swift; path = SignUpVC.swift; sourceTree = "<group>"; };
		2306854E259C974700A94891 /* OnBoardingSignUpVC.swift */ = {isa = PBXFileReference; lastKnownFileType = sourcecode.swift; path = OnBoardingSignUpVC.swift; sourceTree = "<group>"; };
		235EA7FA259AFF4F00DD5EC8 /* Zmaka.app */ = {isa = PBXFileReference; explicitFileType = wrapper.application; includeInIndex = 0; path = Zmaka.app; sourceTree = BUILT_PRODUCTS_DIR; };
		235EA7FD259AFF4F00DD5EC8 /* AppDelegate.swift */ = {isa = PBXFileReference; lastKnownFileType = sourcecode.swift; path = AppDelegate.swift; sourceTree = "<group>"; };
		235EA7FF259AFF4F00DD5EC8 /* SceneDelegate.swift */ = {isa = PBXFileReference; lastKnownFileType = sourcecode.swift; path = SceneDelegate.swift; sourceTree = "<group>"; };
		235EA801259AFF4F00DD5EC8 /* SignInVC.swift */ = {isa = PBXFileReference; lastKnownFileType = sourcecode.swift; path = SignInVC.swift; sourceTree = "<group>"; };
		235EA804259AFF4F00DD5EC8 /* Base */ = {isa = PBXFileReference; lastKnownFileType = file.storyboard; name = Base; path = Base.lproj/Main.storyboard; sourceTree = "<group>"; };
		235EA806259AFF5200DD5EC8 /* Assets.xcassets */ = {isa = PBXFileReference; lastKnownFileType = folder.assetcatalog; path = Assets.xcassets; sourceTree = "<group>"; };
		235EA809259AFF5200DD5EC8 /* Base */ = {isa = PBXFileReference; lastKnownFileType = file.storyboard; name = Base; path = Base.lproj/LaunchScreen.storyboard; sourceTree = "<group>"; };
		235EA80B259AFF5200DD5EC8 /* Info.plist */ = {isa = PBXFileReference; lastKnownFileType = text.plist.xml; path = Info.plist; sourceTree = "<group>"; };
		235EA812259B3FE300DD5EC8 /* GoogleService-Info.plist */ = {isa = PBXFileReference; fileEncoding = 4; lastKnownFileType = text.plist.xml; name = "GoogleService-Info.plist"; path = "../../../../../Downloads/GoogleService-Info.plist"; sourceTree = "<group>"; };
		23A2492C259CCF3C00CB6792 /* RoundedRectButton.swift */ = {isa = PBXFileReference; lastKnownFileType = sourcecode.swift; path = RoundedRectButton.swift; sourceTree = "<group>"; };
		23A24930259CD1F300CB6792 /* HomeVC.swift */ = {isa = PBXFileReference; lastKnownFileType = sourcecode.swift; path = HomeVC.swift; sourceTree = "<group>"; };
		23A24933259CF2B500CB6792 /* HomeCollectionView.swift */ = {isa = PBXFileReference; lastKnownFileType = sourcecode.swift; path = HomeCollectionView.swift; sourceTree = "<group>"; };
		5DCD42CAA6C24CE3D15B175D /* Pods-Zmaka.release.xcconfig */ = {isa = PBXFileReference; includeInIndex = 1; lastKnownFileType = text.xcconfig; name = "Pods-Zmaka.release.xcconfig"; path = "Target Support Files/Pods-Zmaka/Pods-Zmaka.release.xcconfig"; sourceTree = "<group>"; };
		B78EE38879DD3BDEE45596DA /* Pods_Zmaka.framework */ = {isa = PBXFileReference; explicitFileType = wrapper.framework; includeInIndex = 0; path = Pods_Zmaka.framework; sourceTree = BUILT_PRODUCTS_DIR; };
		FE38653CA0280BAD48938BBA /* Pods-Zmaka.debug.xcconfig */ = {isa = PBXFileReference; includeInIndex = 1; lastKnownFileType = text.xcconfig; name = "Pods-Zmaka.debug.xcconfig"; path = "Target Support Files/Pods-Zmaka/Pods-Zmaka.debug.xcconfig"; sourceTree = "<group>"; };
/* End PBXFileReference section */

/* Begin PBXFrameworksBuildPhase section */
		235EA7F7259AFF4F00DD5EC8 /* Frameworks */ = {
			isa = PBXFrameworksBuildPhase;
			buildActionMask = 2147483647;
			files = (
				2CAF9727AE904FCBB37EF6C5 /* Pods_Zmaka.framework in Frameworks */,
			);
			runOnlyForDeploymentPostprocessing = 0;
		};
/* End PBXFrameworksBuildPhase section */

/* Begin PBXGroup section */
		1378033E73DFEC11DF58189D /* Pods */ = {
			isa = PBXGroup;
			children = (
				FE38653CA0280BAD48938BBA /* Pods-Zmaka.debug.xcconfig */,
				5DCD42CAA6C24CE3D15B175D /* Pods-Zmaka.release.xcconfig */,
			);
			path = Pods;
			sourceTree = "<group>";
		};
		23068547259C96D600A94891 /* Controllers */ = {
			isa = PBXGroup;
			children = (
				235EA801259AFF4F00DD5EC8 /* SignInVC.swift */,
				2306854A259C972000A94891 /* SignUpVC.swift */,
				2306854E259C974700A94891 /* OnBoardingSignUpVC.swift */,
				23A24930259CD1F300CB6792 /* HomeVC.swift */,
			);
			path = Controllers;
			sourceTree = "<group>";
		};
		23068548259C96DE00A94891 /* Models */ = {
			isa = PBXGroup;
			children = (
			);
			path = Models;
			sourceTree = "<group>";
		};
		23068549259C96E400A94891 /* Views */ = {
			isa = PBXGroup;
			children = (
			);
			path = Views;
			sourceTree = "<group>";
		};
		235EA7F1259AFF4F00DD5EC8 = {
			isa = PBXGroup;
			children = (
				235EA7FC259AFF4F00DD5EC8 /* Zmaka */,
				235EA7FB259AFF4F00DD5EC8 /* Products */,
				1378033E73DFEC11DF58189D /* Pods */,
				5B2CF6EFFA56785FF0524C78 /* Frameworks */,
			);
			sourceTree = "<group>";
		};
		235EA7FB259AFF4F00DD5EC8 /* Products */ = {
			isa = PBXGroup;
			children = (
				235EA7FA259AFF4F00DD5EC8 /* Zmaka.app */,
			);
			name = Products;
			sourceTree = "<group>";
		};
		235EA7FC259AFF4F00DD5EC8 /* Zmaka */ = {
			isa = PBXGroup;
			children = (
				23068549259C96E400A94891 /* Views */,
				23068548259C96DE00A94891 /* Models */,
				23068547259C96D600A94891 /* Controllers */,
				235EA7FD259AFF4F00DD5EC8 /* AppDelegate.swift */,
				235EA7FF259AFF4F00DD5EC8 /* SceneDelegate.swift */,
				235EA803259AFF4F00DD5EC8 /* Main.storyboard */,
				235EA806259AFF5200DD5EC8 /* Assets.xcassets */,
				235EA808259AFF5200DD5EC8 /* LaunchScreen.storyboard */,
				235EA80B259AFF5200DD5EC8 /* Info.plist */,
				235EA812259B3FE300DD5EC8 /* GoogleService-Info.plist */,
				23A2492C259CCF3C00CB6792 /* RoundedRectButton.swift */,
				23A24933259CF2B500CB6792 /* HomeCollectionView.swift */,
			);
			path = Zmaka;
			sourceTree = "<group>";
		};
		5B2CF6EFFA56785FF0524C78 /* Frameworks */ = {
			isa = PBXGroup;
			children = (
				B78EE38879DD3BDEE45596DA /* Pods_Zmaka.framework */,
			);
			name = Frameworks;
			sourceTree = "<group>";
		};
/* End PBXGroup section */

/* Begin PBXNativeTarget section */
		235EA7F9259AFF4F00DD5EC8 /* Zmaka */ = {
			isa = PBXNativeTarget;
			buildConfigurationList = 235EA80E259AFF5200DD5EC8 /* Build configuration list for PBXNativeTarget "Zmaka" */;
			buildPhases = (
				F9A425595F779E62D747E010 /* [CP] Check Pods Manifest.lock */,
				235EA7F6259AFF4F00DD5EC8 /* Sources */,
				235EA7F7259AFF4F00DD5EC8 /* Frameworks */,
				235EA7F8259AFF4F00DD5EC8 /* Resources */,
				31FC83F913607C4E38FE2129 /* [CP] Embed Pods Frameworks */,
			);
			buildRules = (
			);
			dependencies = (
			);
			name = Zmaka;
			productName = Zmaka;
			productReference = 235EA7FA259AFF4F00DD5EC8 /* Zmaka.app */;
			productType = "com.apple.product-type.application";
		};
/* End PBXNativeTarget section */

/* Begin PBXProject section */
		235EA7F2259AFF4F00DD5EC8 /* Project object */ = {
			isa = PBXProject;
			attributes = {
				LastSwiftUpdateCheck = 1220;
				LastUpgradeCheck = 1220;
				TargetAttributes = {
					235EA7F9259AFF4F00DD5EC8 = {
						CreatedOnToolsVersion = 12.2;
					};
				};
			};
			buildConfigurationList = 235EA7F5259AFF4F00DD5EC8 /* Build configuration list for PBXProject "Zmaka" */;
			compatibilityVersion = "Xcode 9.3";
			developmentRegion = en;
			hasScannedForEncodings = 0;
			knownRegions = (
				en,
				Base,
			);
			mainGroup = 235EA7F1259AFF4F00DD5EC8;
			productRefGroup = 235EA7FB259AFF4F00DD5EC8 /* Products */;
			projectDirPath = "";
			projectRoot = "";
			targets = (
				235EA7F9259AFF4F00DD5EC8 /* Zmaka */,
			);
		};
/* End PBXProject section */

/* Begin PBXResourcesBuildPhase section */
		235EA7F8259AFF4F00DD5EC8 /* Resources */ = {
			isa = PBXResourcesBuildPhase;
			buildActionMask = 2147483647;
			files = (
				235EA80A259AFF5200DD5EC8 /* LaunchScreen.storyboard in Resources */,
				235EA813259B3FE300DD5EC8 /* GoogleService-Info.plist in Resources */,
				235EA807259AFF5200DD5EC8 /* Assets.xcassets in Resources */,
				235EA805259AFF4F00DD5EC8 /* Main.storyboard in Resources */,
			);
			runOnlyForDeploymentPostprocessing = 0;
		};
/* End PBXResourcesBuildPhase section */

/* Begin PBXShellScriptBuildPhase section */
		31FC83F913607C4E38FE2129 /* [CP] Embed Pods Frameworks */ = {
			isa = PBXShellScriptBuildPhase;
			buildActionMask = 2147483647;
			files = (
			);
			inputFileListPaths = (
				"${PODS_ROOT}/Target Support Files/Pods-Zmaka/Pods-Zmaka-frameworks-${CONFIGURATION}-input-files.xcfilelist",
			);
			name = "[CP] Embed Pods Frameworks";
			outputFileListPaths = (
				"${PODS_ROOT}/Target Support Files/Pods-Zmaka/Pods-Zmaka-frameworks-${CONFIGURATION}-output-files.xcfilelist",
			);
			runOnlyForDeploymentPostprocessing = 0;
			shellPath = /bin/sh;
			shellScript = "\"${PODS_ROOT}/Target Support Files/Pods-Zmaka/Pods-Zmaka-frameworks.sh\"\n";
			showEnvVarsInLog = 0;
		};
		F9A425595F779E62D747E010 /* [CP] Check Pods Manifest.lock */ = {
			isa = PBXShellScriptBuildPhase;
			buildActionMask = 2147483647;
			files = (
			);
			inputFileListPaths = (
			);
			inputPaths = (
				"${PODS_PODFILE_DIR_PATH}/Podfile.lock",
				"${PODS_ROOT}/Manifest.lock",
			);
			name = "[CP] Check Pods Manifest.lock";
			outputFileListPaths = (
			);
			outputPaths = (
				"$(DERIVED_FILE_DIR)/Pods-Zmaka-checkManifestLockResult.txt",
			);
			runOnlyForDeploymentPostprocessing = 0;
			shellPath = /bin/sh;
			shellScript = "diff \"${PODS_PODFILE_DIR_PATH}/Podfile.lock\" \"${PODS_ROOT}/Manifest.lock\" > /dev/null\nif [ $? != 0 ] ; then\n    # print error to STDERR\n    echo \"error: The sandbox is not in sync with the Podfile.lock. Run 'pod install' or update your CocoaPods installation.\" >&2\n    exit 1\nfi\n# This output is used by Xcode 'outputs' to avoid re-running this script phase.\necho \"SUCCESS\" > \"${SCRIPT_OUTPUT_FILE_0}\"\n";
			showEnvVarsInLog = 0;
		};
/* End PBXShellScriptBuildPhase section */

/* Begin PBXSourcesBuildPhase section */
		235EA7F6259AFF4F00DD5EC8 /* Sources */ = {
			isa = PBXSourcesBuildPhase;
			buildActionMask = 2147483647;
			files = (
				2306854B259C972000A94891 /* SignUpVC.swift in Sources */,
				23A24931259CD1F300CB6792 /* HomeVC.swift in Sources */,
				235EA802259AFF4F00DD5EC8 /* SignInVC.swift in Sources */,
				23A24934259CF2B500CB6792 /* HomeCollectionView.swift in Sources */,
				23A2492D259CCF3C00CB6792 /* RoundedRectButton.swift in Sources */,
				235EA7FE259AFF4F00DD5EC8 /* AppDelegate.swift in Sources */,
				235EA800259AFF4F00DD5EC8 /* SceneDelegate.swift in Sources */,
				2306854F259C974700A94891 /* OnBoardingSignUpVC.swift in Sources */,
			);
			runOnlyForDeploymentPostprocessing = 0;
		};
/* End PBXSourcesBuildPhase section */

/* Begin PBXVariantGroup section */
		235EA803259AFF4F00DD5EC8 /* Main.storyboard */ = {
			isa = PBXVariantGroup;
			children = (
				235EA804259AFF4F00DD5EC8 /* Base */,
			);
			name = Main.storyboard;
			sourceTree = "<group>";
		};
		235EA808259AFF5200DD5EC8 /* LaunchScreen.storyboard */ = {
			isa = PBXVariantGroup;
			children = (
				235EA809259AFF5200DD5EC8 /* Base */,
			);
			name = LaunchScreen.storyboard;
			sourceTree = "<group>";
		};
/* End PBXVariantGroup section */

/* Begin XCBuildConfiguration section */
		235EA80C259AFF5200DD5EC8 /* Debug */ = {
			isa = XCBuildConfiguration;
			buildSettings = {
				ALWAYS_SEARCH_USER_PATHS = NO;
				CLANG_ANALYZER_NONNULL = YES;
				CLANG_ANALYZER_NUMBER_OBJECT_CONVERSION = YES_AGGRESSIVE;
				CLANG_CXX_LANGUAGE_STANDARD = "gnu++14";
				CLANG_CXX_LIBRARY = "libc++";
				CLANG_ENABLE_MODULES = YES;
				CLANG_ENABLE_OBJC_ARC = YES;
				CLANG_ENABLE_OBJC_WEAK = YES;
				CLANG_WARN_BLOCK_CAPTURE_AUTORELEASING = YES;
				CLANG_WARN_BOOL_CONVERSION = YES;
				CLANG_WARN_COMMA = YES;
				CLANG_WARN_CONSTANT_CONVERSION = YES;
				CLANG_WARN_DEPRECATED_OBJC_IMPLEMENTATIONS = YES;
				CLANG_WARN_DIRECT_OBJC_ISA_USAGE = YES_ERROR;
				CLANG_WARN_DOCUMENTATION_COMMENTS = YES;
				CLANG_WARN_EMPTY_BODY = YES;
				CLANG_WARN_ENUM_CONVERSION = YES;
				CLANG_WARN_INFINITE_RECURSION = YES;
				CLANG_WARN_INT_CONVERSION = YES;
				CLANG_WARN_NON_LITERAL_NULL_CONVERSION = YES;
				CLANG_WARN_OBJC_IMPLICIT_RETAIN_SELF = YES;
				CLANG_WARN_OBJC_LITERAL_CONVERSION = YES;
				CLANG_WARN_OBJC_ROOT_CLASS = YES_ERROR;
				CLANG_WARN_QUOTED_INCLUDE_IN_FRAMEWORK_HEADER = YES;
				CLANG_WARN_RANGE_LOOP_ANALYSIS = YES;
				CLANG_WARN_STRICT_PROTOTYPES = YES;
				CLANG_WARN_SUSPICIOUS_MOVE = YES;
				CLANG_WARN_UNGUARDED_AVAILABILITY = YES_AGGRESSIVE;
				CLANG_WARN_UNREACHABLE_CODE = YES;
				CLANG_WARN__DUPLICATE_METHOD_MATCH = YES;
				COPY_PHASE_STRIP = NO;
				DEBUG_INFORMATION_FORMAT = dwarf;
				ENABLE_STRICT_OBJC_MSGSEND = YES;
				ENABLE_TESTABILITY = YES;
				GCC_C_LANGUAGE_STANDARD = gnu11;
				GCC_DYNAMIC_NO_PIC = NO;
				GCC_NO_COMMON_BLOCKS = YES;
				GCC_OPTIMIZATION_LEVEL = 0;
				GCC_PREPROCESSOR_DEFINITIONS = (
					"DEBUG=1",
					"$(inherited)",
				);
				GCC_WARN_64_TO_32_BIT_CONVERSION = YES;
				GCC_WARN_ABOUT_RETURN_TYPE = YES_ERROR;
				GCC_WARN_UNDECLARED_SELECTOR = YES;
				GCC_WARN_UNINITIALIZED_AUTOS = YES_AGGRESSIVE;
				GCC_WARN_UNUSED_FUNCTION = YES;
				GCC_WARN_UNUSED_VARIABLE = YES;
				IPHONEOS_DEPLOYMENT_TARGET = 14.2;
				MTL_ENABLE_DEBUG_INFO = INCLUDE_SOURCE;
				MTL_FAST_MATH = YES;
				ONLY_ACTIVE_ARCH = YES;
				SDKROOT = iphoneos;
				SWIFT_ACTIVE_COMPILATION_CONDITIONS = DEBUG;
				SWIFT_OPTIMIZATION_LEVEL = "-Onone";
			};
			name = Debug;
		};
		235EA80D259AFF5200DD5EC8 /* Release */ = {
			isa = XCBuildConfiguration;
			buildSettings = {
				ALWAYS_SEARCH_USER_PATHS = NO;
				CLANG_ANALYZER_NONNULL = YES;
				CLANG_ANALYZER_NUMBER_OBJECT_CONVERSION = YES_AGGRESSIVE;
				CLANG_CXX_LANGUAGE_STANDARD = "gnu++14";
				CLANG_CXX_LIBRARY = "libc++";
				CLANG_ENABLE_MODULES = YES;
				CLANG_ENABLE_OBJC_ARC = YES;
				CLANG_ENABLE_OBJC_WEAK = YES;
				CLANG_WARN_BLOCK_CAPTURE_AUTORELEASING = YES;
				CLANG_WARN_BOOL_CONVERSION = YES;
				CLANG_WARN_COMMA = YES;
				CLANG_WARN_CONSTANT_CONVERSION = YES;
				CLANG_WARN_DEPRECATED_OBJC_IMPLEMENTATIONS = YES;
				CLANG_WARN_DIRECT_OBJC_ISA_USAGE = YES_ERROR;
				CLANG_WARN_DOCUMENTATION_COMMENTS = YES;
				CLANG_WARN_EMPTY_BODY = YES;
				CLANG_WARN_ENUM_CONVERSION = YES;
				CLANG_WARN_INFINITE_RECURSION = YES;
				CLANG_WARN_INT_CONVERSION = YES;
				CLANG_WARN_NON_LITERAL_NULL_CONVERSION = YES;
				CLANG_WARN_OBJC_IMPLICIT_RETAIN_SELF = YES;
				CLANG_WARN_OBJC_LITERAL_CONVERSION = YES;
				CLANG_WARN_OBJC_ROOT_CLASS = YES_ERROR;
				CLANG_WARN_QUOTED_INCLUDE_IN_FRAMEWORK_HEADER = YES;
				CLANG_WARN_RANGE_LOOP_ANALYSIS = YES;
				CLANG_WARN_STRICT_PROTOTYPES = YES;
				CLANG_WARN_SUSPICIOUS_MOVE = YES;
				CLANG_WARN_UNGUARDED_AVAILABILITY = YES_AGGRESSIVE;
				CLANG_WARN_UNREACHABLE_CODE = YES;
				CLANG_WARN__DUPLICATE_METHOD_MATCH = YES;
				COPY_PHASE_STRIP = NO;
				DEBUG_INFORMATION_FORMAT = "dwarf-with-dsym";
				ENABLE_NS_ASSERTIONS = NO;
				ENABLE_STRICT_OBJC_MSGSEND = YES;
				GCC_C_LANGUAGE_STANDARD = gnu11;
				GCC_NO_COMMON_BLOCKS = YES;
				GCC_WARN_64_TO_32_BIT_CONVERSION = YES;
				GCC_WARN_ABOUT_RETURN_TYPE = YES_ERROR;
				GCC_WARN_UNDECLARED_SELECTOR = YES;
				GCC_WARN_UNINITIALIZED_AUTOS = YES_AGGRESSIVE;
				GCC_WARN_UNUSED_FUNCTION = YES;
				GCC_WARN_UNUSED_VARIABLE = YES;
				IPHONEOS_DEPLOYMENT_TARGET = 14.2;
				MTL_ENABLE_DEBUG_INFO = NO;
				MTL_FAST_MATH = YES;
				SDKROOT = iphoneos;
				SWIFT_COMPILATION_MODE = wholemodule;
				SWIFT_OPTIMIZATION_LEVEL = "-O";
				VALIDATE_PRODUCT = YES;
			};
			name = Release;
		};
		235EA80F259AFF5200DD5EC8 /* Debug */ = {
			isa = XCBuildConfiguration;
			baseConfigurationReference = FE38653CA0280BAD48938BBA /* Pods-Zmaka.debug.xcconfig */;
			buildSettings = {
				ASSETCATALOG_COMPILER_APPICON_NAME = AppIcon;
				ASSETCATALOG_COMPILER_GLOBAL_ACCENT_COLOR_NAME = AccentColor;
				CODE_SIGN_STYLE = Automatic;
				DEVELOPMENT_TEAM = BXVX4C8M3G;
				INFOPLIST_FILE = Zmaka/Info.plist;
				LD_RUNPATH_SEARCH_PATHS = (
					"$(inherited)",
					"@executable_path/Frameworks",
				);
				PRODUCT_BUNDLE_IDENTIFIER = marwankhalid.Zmaka;
				PRODUCT_NAME = "$(TARGET_NAME)";
				SWIFT_VERSION = 5.0;
				TARGETED_DEVICE_FAMILY = 1;
			};
			name = Debug;
		};
		235EA810259AFF5200DD5EC8 /* Release */ = {
			isa = XCBuildConfiguration;
			baseConfigurationReference = 5DCD42CAA6C24CE3D15B175D /* Pods-Zmaka.release.xcconfig */;
			buildSettings = {
				ASSETCATALOG_COMPILER_APPICON_NAME = AppIcon;
				ASSETCATALOG_COMPILER_GLOBAL_ACCENT_COLOR_NAME = AccentColor;
				CODE_SIGN_STYLE = Automatic;
				DEVELOPMENT_TEAM = BXVX4C8M3G;
				INFOPLIST_FILE = Zmaka/Info.plist;
				LD_RUNPATH_SEARCH_PATHS = (
					"$(inherited)",
					"@executable_path/Frameworks",
				);
				PRODUCT_BUNDLE_IDENTIFIER = marwankhalid.Zmaka;
				PRODUCT_NAME = "$(TARGET_NAME)";
				SWIFT_VERSION = 5.0;
				TARGETED_DEVICE_FAMILY = 1;
			};
			name = Release;
		};
/* End XCBuildConfiguration section */

/* Begin XCConfigurationList section */
		235EA7F5259AFF4F00DD5EC8 /* Build configuration list for PBXProject "Zmaka" */ = {
			isa = XCConfigurationList;
			buildConfigurations = (
				235EA80C259AFF5200DD5EC8 /* Debug */,
				235EA80D259AFF5200DD5EC8 /* Release */,
			);
			defaultConfigurationIsVisible = 0;
			defaultConfigurationName = Release;
		};
		235EA80E259AFF5200DD5EC8 /* Build configuration list for PBXNativeTarget "Zmaka" */ = {
			isa = XCConfigurationList;
			buildConfigurations = (
				235EA80F259AFF5200DD5EC8 /* Debug */,
				235EA810259AFF5200DD5EC8 /* Release */,
			);
			defaultConfigurationIsVisible = 0;
			defaultConfigurationName = Release;
		};
/* End XCConfigurationList section */
	};
	rootObject = 235EA7F2259AFF4F00DD5EC8 /* Project object */;
}
